// !$*UTF8*$!
{
	archiveVersion = 1;
	classes = {
	};
	objectVersion = 46;
	objects = {

/* Begin PBXBuildFile section */
		3A39BE711B9DD25000C52504 /* TypeWindowController.swift in Sources */ = {isa = PBXBuildFile; fileRef = 3A39BE701B9DD25000C52504 /* TypeWindowController.swift */; };
		3A3AB7191AF9432C008BB4BB /* TypeTextView.swift in Sources */ = {isa = PBXBuildFile; fileRef = 3A3AB7181AF9432C008BB4BB /* TypeTextView.swift */; };
		3A4059F81BB6B14B005055DC /* Simplified Chinese - Article - 冰灯.txt in Resources */ = {isa = PBXBuildFile; fileRef = 3A4059F51BB6B14B005055DC /* Simplified Chinese - Article - 冰灯.txt */; settings = {ASSET_TAGS = (); }; };
		3A4059F91BB6B14B005055DC /* Simplified Chinese - Article - 心的出口（冷雨葬花）.txt in Resources */ = {isa = PBXBuildFile; fileRef = 3A4059F61BB6B14B005055DC /* Simplified Chinese - Article - 心的出口（冷雨葬花）.txt */; settings = {ASSET_TAGS = (); }; };
		3A4059FA1BB6B14B005055DC /* Simplified Chinese - Article - 芙蓉女儿诔（曹雪芹）.txt in Resources */ = {isa = PBXBuildFile; fileRef = 3A4059F71BB6B14B005055DC /* Simplified Chinese - Article - 芙蓉女儿诔（曹雪芹）.txt */; settings = {ASSET_TAGS = (); }; };
		3A496C0E1B9DBB500055376F /* Utility.swift in Sources */ = {isa = PBXBuildFile; fileRef = 3A496C0D1B9DBB500055376F /* Utility.swift */; };
		3A496C111B9DBC0F0055376F /* Simplified Chinese - Article - Welcome.txt in Resources */ = {isa = PBXBuildFile; fileRef = 3A496C0F1B9DBC0F0055376F /* Simplified Chinese - Article - Welcome.txt */; };
		3A496C121B9DBC0F0055376F /* Simplified Chinese - Character - 常用字前500.txt in Resources */ = {isa = PBXBuildFile; fileRef = 3A496C101B9DBC0F0055376F /* Simplified Chinese - Character - 常用字前500.txt */; };
		3A65162E1B9896BF007DF326 /* LoadTextViewController.swift in Sources */ = {isa = PBXBuildFile; fileRef = 3A65162D1B9896BF007DF326 /* LoadTextViewController.swift */; };
		3A6516351B99AD57007DF326 /* TypeTime.xcdatamodeld in Sources */ = {isa = PBXBuildFile; fileRef = 3A6516331B99AD57007DF326 /* TypeTime.xcdatamodeld */; };
		3A6516391B99AF8A007DF326 /* TypeText.swift in Sources */ = {isa = PBXBuildFile; fileRef = 3A6516381B99AF8A007DF326 /* TypeText.swift */; };
		3A6AAA4A1BC01F12004B042F /* TypeView.swift in Sources */ = {isa = PBXBuildFile; fileRef = 3A6AAA491BC01F12004B042F /* TypeView.swift */; settings = {ASSET_TAGS = (); }; };
		3A8B6A6A1AFA5799000B23AD /* ReferenceTextView.swift in Sources */ = {isa = PBXBuildFile; fileRef = 3A8B6A691AFA5799000B23AD /* ReferenceTextView.swift */; };
		3AC11CDD1AF3A79100C94550 /* AppDelegate.swift in Sources */ = {isa = PBXBuildFile; fileRef = 3AC11CDC1AF3A79100C94550 /* AppDelegate.swift */; };
		3AC11CDF1AF3A79100C94550 /* TypeViewController.swift in Sources */ = {isa = PBXBuildFile; fileRef = 3AC11CDE1AF3A79100C94550 /* TypeViewController.swift */; };
		3AC11CE41AF3A79100C94550 /* Images.xcassets in Resources */ = {isa = PBXBuildFile; fileRef = 3AC11CE31AF3A79100C94550 /* Images.xcassets */; };
		3AC11CE71AF3A79100C94550 /* Main.storyboard in Resources */ = {isa = PBXBuildFile; fileRef = 3AC11CE51AF3A79100C94550 /* Main.storyboard */; };
		3AC11CF31AF3A79100C94550 /* TypeTimeTests.swift in Sources */ = {isa = PBXBuildFile; fileRef = 3AC11CF21AF3A79100C94550 /* TypeTimeTests.swift */; };
		3AC11CFF1AF3B50F00C94550 /* TypeMonitor.swift in Sources */ = {isa = PBXBuildFile; fileRef = 3AC11CFE1AF3B50F00C94550 /* TypeMonitor.swift */; };
/* End PBXBuildFile section */

/* Begin PBXContainerItemProxy section */
		3AC11CED1AF3A79100C94550 /* PBXContainerItemProxy */ = {
			isa = PBXContainerItemProxy;
			containerPortal = 3AC11CCF1AF3A79100C94550 /* Project object */;
			proxyType = 1;
			remoteGlobalIDString = 3AC11CD61AF3A79100C94550;
			remoteInfo = TypeTime;
		};
/* End PBXContainerItemProxy section */

/* Begin PBXFileReference section */
		3A39BE701B9DD25000C52504 /* TypeWindowController.swift */ = {isa = PBXFileReference; fileEncoding = 4; lastKnownFileType = sourcecode.swift; path = TypeWindowController.swift; sourceTree = "<group>"; };
		3A3AB7181AF9432C008BB4BB /* TypeTextView.swift */ = {isa = PBXFileReference; fileEncoding = 4; lastKnownFileType = sourcecode.swift; path = TypeTextView.swift; sourceTree = "<group>"; };
		3A4059F51BB6B14B005055DC /* Simplified Chinese - Article - 冰灯.txt */ = {isa = PBXFileReference; fileEncoding = 4; lastKnownFileType = text; name = "Simplified Chinese - Article - 冰灯.txt"; path = "Resources/Text/Simplified Chinese - Article - 冰灯.txt"; sourceTree = "<group>"; };
		3A4059F61BB6B14B005055DC /* Simplified Chinese - Article - 心的出口（冷雨葬花）.txt */ = {isa = PBXFileReference; fileEncoding = 4; lastKnownFileType = text; name = "Simplified Chinese - Article - 心的出口（冷雨葬花）.txt"; path = "Resources/Text/Simplified Chinese - Article - 心的出口（冷雨葬花）.txt"; sourceTree = "<group>"; };
		3A4059F71BB6B14B005055DC /* Simplified Chinese - Article - 芙蓉女儿诔（曹雪芹）.txt */ = {isa = PBXFileReference; fileEncoding = 4; lastKnownFileType = text; name = "Simplified Chinese - Article - 芙蓉女儿诔（曹雪芹）.txt"; path = "Resources/Text/Simplified Chinese - Article - 芙蓉女儿诔（曹雪芹）.txt"; sourceTree = "<group>"; };
		3A496C0D1B9DBB500055376F /* Utility.swift */ = {isa = PBXFileReference; fileEncoding = 4; lastKnownFileType = sourcecode.swift; path = Utility.swift; sourceTree = "<group>"; };
		3A496C0F1B9DBC0F0055376F /* Simplified Chinese - Article - Welcome.txt */ = {isa = PBXFileReference; fileEncoding = 4; lastKnownFileType = text; name = "Simplified Chinese - Article - Welcome.txt"; path = "Resources/Text/Simplified Chinese - Article - Welcome.txt"; sourceTree = "<group>"; };
		3A496C101B9DBC0F0055376F /* Simplified Chinese - Character - 常用字前500.txt */ = {isa = PBXFileReference; fileEncoding = 4; lastKnownFileType = text; name = "Simplified Chinese - Character - 常用字前500.txt"; path = "Resources/Text/Simplified Chinese - Character - 常用字前500.txt"; sourceTree = "<group>"; };
		3A65162D1B9896BF007DF326 /* LoadTextViewController.swift */ = {isa = PBXFileReference; fileEncoding = 4; indentWidth = 4; lastKnownFileType = sourcecode.swift; path = LoadTextViewController.swift; sourceTree = "<group>"; tabWidth = 4; };
		3A6516341B99AD57007DF326 /* TypeTime.xcdatamodel */ = {isa = PBXFileReference; lastKnownFileType = wrapper.xcdatamodel; path = TypeTime.xcdatamodel; sourceTree = "<group>"; };
		3A6516381B99AF8A007DF326 /* TypeText.swift */ = {isa = PBXFileReference; fileEncoding = 4; lastKnownFileType = sourcecode.swift; path = TypeText.swift; sourceTree = "<group>"; };
		3A6AAA491BC01F12004B042F /* TypeView.swift */ = {isa = PBXFileReference; fileEncoding = 4; lastKnownFileType = sourcecode.swift; path = TypeView.swift; sourceTree = "<group>"; };
		3A8298521AFBE69700B22A84 /* TypeTime.entitlements */ = {isa = PBXFileReference; lastKnownFileType = text.xml; path = TypeTime.entitlements; sourceTree = "<group>"; };
		3A8B6A691AFA5799000B23AD /* ReferenceTextView.swift */ = {isa = PBXFileReference; fileEncoding = 4; lastKnownFileType = sourcecode.swift; path = ReferenceTextView.swift; sourceTree = "<group>"; };
		3AC11CD71AF3A79100C94550 /* TypeTime.app */ = {isa = PBXFileReference; explicitFileType = wrapper.application; includeInIndex = 0; path = TypeTime.app; sourceTree = BUILT_PRODUCTS_DIR; };
		3AC11CDB1AF3A79100C94550 /* Info.plist */ = {isa = PBXFileReference; lastKnownFileType = text.plist.xml; path = Info.plist; sourceTree = "<group>"; };
		3AC11CDC1AF3A79100C94550 /* AppDelegate.swift */ = {isa = PBXFileReference; lastKnownFileType = sourcecode.swift; path = AppDelegate.swift; sourceTree = "<group>"; };
		3AC11CDE1AF3A79100C94550 /* TypeViewController.swift */ = {isa = PBXFileReference; lastKnownFileType = sourcecode.swift; path = TypeViewController.swift; sourceTree = "<group>"; };
		3AC11CE31AF3A79100C94550 /* Images.xcassets */ = {isa = PBXFileReference; lastKnownFileType = folder.assetcatalog; path = Images.xcassets; sourceTree = "<group>"; };
		3AC11CE61AF3A79100C94550 /* Base */ = {isa = PBXFileReference; lastKnownFileType = file.storyboard; name = Base; path = Base.lproj/Main.storyboard; sourceTree = "<group>"; };
		3AC11CEC1AF3A79100C94550 /* TypeTimeTests.xctest */ = {isa = PBXFileReference; explicitFileType = wrapper.cfbundle; includeInIndex = 0; path = TypeTimeTests.xctest; sourceTree = BUILT_PRODUCTS_DIR; };
		3AC11CF11AF3A79100C94550 /* Info.plist */ = {isa = PBXFileReference; lastKnownFileType = text.plist.xml; path = Info.plist; sourceTree = "<group>"; };
		3AC11CF21AF3A79100C94550 /* TypeTimeTests.swift */ = {isa = PBXFileReference; lastKnownFileType = sourcecode.swift; path = TypeTimeTests.swift; sourceTree = "<group>"; };
		3AC11CFE1AF3B50F00C94550 /* TypeMonitor.swift */ = {isa = PBXFileReference; fileEncoding = 4; lastKnownFileType = sourcecode.swift; path = TypeMonitor.swift; sourceTree = "<group>"; };
/* End PBXFileReference section */

/* Begin PBXFrameworksBuildPhase section */
		3AC11CD41AF3A79100C94550 /* Frameworks */ = {
			isa = PBXFrameworksBuildPhase;
			buildActionMask = 2147483647;
			files = (
			);
			runOnlyForDeploymentPostprocessing = 0;
		};
		3AC11CE91AF3A79100C94550 /* Frameworks */ = {
			isa = PBXFrameworksBuildPhase;
			buildActionMask = 2147483647;
			files = (
			);
			runOnlyForDeploymentPostprocessing = 0;
		};
/* End PBXFrameworksBuildPhase section */

/* Begin PBXGroup section */
		3A09BFD51B8DD85700D3E83C /* Text */ = {
			isa = PBXGroup;
			children = (
				3A4059F51BB6B14B005055DC /* Simplified Chinese - Article - 冰灯.txt */,
				3A4059F61BB6B14B005055DC /* Simplified Chinese - Article - 心的出口（冷雨葬花）.txt */,
				3A4059F71BB6B14B005055DC /* Simplified Chinese - Article - 芙蓉女儿诔（曹雪芹）.txt */,
				3A496C0F1B9DBC0F0055376F /* Simplified Chinese - Article - Welcome.txt */,
				3A496C101B9DBC0F0055376F /* Simplified Chinese - Character - 常用字前500.txt */,
			);
			name = Text;
			path = TypeTime;
			sourceTree = "<group>";
		};
		3A09BFD81B8DD91500D3E83C /* Resources */ = {
			isa = PBXGroup;
			children = (
				3A09BFD51B8DD85700D3E83C /* Text */,
			);
			name = Resources;
			path = ..;
			sourceTree = "<group>";
		};
		3A6516311B99AB75007DF326 /* Controllers */ = {
			isa = PBXGroup;
			children = (
				3A39BE701B9DD25000C52504 /* TypeWindowController.swift */,
				3AC11CDE1AF3A79100C94550 /* TypeViewController.swift */,
				3A65162D1B9896BF007DF326 /* LoadTextViewController.swift */,
			);
			name = Controllers;
			sourceTree = "<group>";
		};
		3A6516321B99ABBE007DF326 /* Views */ = {
			isa = PBXGroup;
			children = (
				3A8B6A691AFA5799000B23AD /* ReferenceTextView.swift */,
				3A3AB7181AF9432C008BB4BB /* TypeTextView.swift */,
				3A6AAA491BC01F12004B042F /* TypeView.swift */,
			);
			name = Views;
			sourceTree = "<group>";
		};
		3A995C4A1B975CBE0007E64A /* CoreData */ = {
			isa = PBXGroup;
			children = (
				3A6516331B99AD57007DF326 /* TypeTime.xcdatamodeld */,
				3A6516381B99AF8A007DF326 /* TypeText.swift */,
			);
			name = CoreData;
			sourceTree = "<group>";
		};
		3AC11CCE1AF3A79100C94550 = {
			isa = PBXGroup;
			children = (
				3AC11CD91AF3A79100C94550 /* TypeTime */,
				3AC11CEF1AF3A79100C94550 /* TypeTimeTests */,
				3AC11CD81AF3A79100C94550 /* Products */,
			);
			indentWidth = 4;
			sourceTree = "<group>";
			tabWidth = 4;
		};
		3AC11CD81AF3A79100C94550 /* Products */ = {
			isa = PBXGroup;
			children = (
				3AC11CD71AF3A79100C94550 /* TypeTime.app */,
				3AC11CEC1AF3A79100C94550 /* TypeTimeTests.xctest */,
			);
			name = Products;
			sourceTree = "<group>";
		};
		3AC11CD91AF3A79100C94550 /* TypeTime */ = {
			isa = PBXGroup;
			children = (
				3A995C4A1B975CBE0007E64A /* CoreData */,
				3A6516311B99AB75007DF326 /* Controllers */,
				3A6516321B99ABBE007DF326 /* Views */,
				3AC11CDC1AF3A79100C94550 /* AppDelegate.swift */,
				3AC11CFE1AF3B50F00C94550 /* TypeMonitor.swift */,
				3A496C0D1B9DBB500055376F /* Utility.swift */,
				3AC11CE31AF3A79100C94550 /* Images.xcassets */,
				3AC11CE51AF3A79100C94550 /* Main.storyboard */,
				3A8298521AFBE69700B22A84 /* TypeTime.entitlements */,
				3A09BFD81B8DD91500D3E83C /* Resources */,
				3AC11CDA1AF3A79100C94550 /* Supporting Files */,
			);
			path = TypeTime;
			sourceTree = "<group>";
		};
		3AC11CDA1AF3A79100C94550 /* Supporting Files */ = {
			isa = PBXGroup;
			children = (
				3AC11CDB1AF3A79100C94550 /* Info.plist */,
			);
			name = "Supporting Files";
			sourceTree = "<group>";
		};
		3AC11CEF1AF3A79100C94550 /* TypeTimeTests */ = {
			isa = PBXGroup;
			children = (
				3AC11CF21AF3A79100C94550 /* TypeTimeTests.swift */,
				3AC11CF01AF3A79100C94550 /* Supporting Files */,
			);
			path = TypeTimeTests;
			sourceTree = "<group>";
		};
		3AC11CF01AF3A79100C94550 /* Supporting Files */ = {
			isa = PBXGroup;
			children = (
				3AC11CF11AF3A79100C94550 /* Info.plist */,
			);
			name = "Supporting Files";
			sourceTree = "<group>";
		};
/* End PBXGroup section */

/* Begin PBXNativeTarget section */
		3AC11CD61AF3A79100C94550 /* TypeTime */ = {
			isa = PBXNativeTarget;
			buildConfigurationList = 3AC11CF61AF3A79100C94550 /* Build configuration list for PBXNativeTarget "TypeTime" */;
			buildPhases = (
				3AC11CD31AF3A79100C94550 /* Sources */,
				3AC11CD41AF3A79100C94550 /* Frameworks */,
				3AC11CD51AF3A79100C94550 /* Resources */,
				3A9A4DA71B010C0600A154FC /* ShellScript */,
			);
			buildRules = (
			);
			dependencies = (
			);
			name = TypeTime;
			productName = TypeTime;
			productReference = 3AC11CD71AF3A79100C94550 /* TypeTime.app */;
			productType = "com.apple.product-type.application";
		};
		3AC11CEB1AF3A79100C94550 /* TypeTimeTests */ = {
			isa = PBXNativeTarget;
			buildConfigurationList = 3AC11CF91AF3A79100C94550 /* Build configuration list for PBXNativeTarget "TypeTimeTests" */;
			buildPhases = (
				3AC11CE81AF3A79100C94550 /* Sources */,
				3AC11CE91AF3A79100C94550 /* Frameworks */,
				3AC11CEA1AF3A79100C94550 /* Resources */,
			);
			buildRules = (
			);
			dependencies = (
				3AC11CEE1AF3A79100C94550 /* PBXTargetDependency */,
			);
			name = TypeTimeTests;
			productName = TypeTimeTests;
			productReference = 3AC11CEC1AF3A79100C94550 /* TypeTimeTests.xctest */;
			productType = "com.apple.product-type.bundle.unit-test";
		};
/* End PBXNativeTarget section */

/* Begin PBXProject section */
		3AC11CCF1AF3A79100C94550 /* Project object */ = {
			isa = PBXProject;
			attributes = {
				LastSwiftMigration = 0700;
				LastSwiftUpdateCheck = 0700;
				LastUpgradeCheck = 0700;
				ORGANIZATIONNAME = "Rui-Wei Zhao";
				TargetAttributes = {
					3AC11CD61AF3A79100C94550 = {
						CreatedOnToolsVersion = 6.3.1;
						SystemCapabilities = {
							com.apple.Sandbox = {
								enabled = 1;
							};
						};
					};
					3AC11CEB1AF3A79100C94550 = {
						CreatedOnToolsVersion = 6.3.1;
						TestTargetID = 3AC11CD61AF3A79100C94550;
					};
				};
			};
			buildConfigurationList = 3AC11CD21AF3A79100C94550 /* Build configuration list for PBXProject "TypeTime" */;
			compatibilityVersion = "Xcode 3.2";
			developmentRegion = English;
			hasScannedForEncodings = 0;
			knownRegions = (
				en,
				Base,
			);
			mainGroup = 3AC11CCE1AF3A79100C94550;
			productRefGroup = 3AC11CD81AF3A79100C94550 /* Products */;
			projectDirPath = "";
			projectRoot = "";
			targets = (
				3AC11CD61AF3A79100C94550 /* TypeTime */,
				3AC11CEB1AF3A79100C94550 /* TypeTimeTests */,
			);
		};
/* End PBXProject section */

/* Begin PBXResourcesBuildPhase section */
		3AC11CD51AF3A79100C94550 /* Resources */ = {
			isa = PBXResourcesBuildPhase;
			buildActionMask = 2147483647;
			files = (
				3AC11CE41AF3A79100C94550 /* Images.xcassets in Resources */,
				3AC11CE71AF3A79100C94550 /* Main.storyboard in Resources */,
				3A4059FA1BB6B14B005055DC /* Simplified Chinese - Article - 芙蓉女儿诔（曹雪芹）.txt in Resources */,
				3A496C111B9DBC0F0055376F /* Simplified Chinese - Article - Welcome.txt in Resources */,
				3A496C121B9DBC0F0055376F /* Simplified Chinese - Character - 常用字前500.txt in Resources */,
				3A4059F81BB6B14B005055DC /* Simplified Chinese - Article - 冰灯.txt in Resources */,
				3A4059F91BB6B14B005055DC /* Simplified Chinese - Article - 心的出口（冷雨葬花）.txt in Resources */,
			);
			runOnlyForDeploymentPostprocessing = 0;
		};
		3AC11CEA1AF3A79100C94550 /* Resources */ = {
			isa = PBXResourcesBuildPhase;
			buildActionMask = 2147483647;
			files = (
			);
			runOnlyForDeploymentPostprocessing = 0;
		};
/* End PBXResourcesBuildPhase section */

/* Begin PBXShellScriptBuildPhase section */
		3A9A4DA71B010C0600A154FC /* ShellScript */ = {
			isa = PBXShellScriptBuildPhase;
			buildActionMask = 2147483647;
			files = (
			);
			inputPaths = (
			);
			outputPaths = (
			);
			runOnlyForDeploymentPostprocessing = 0;
			shellPath = /bin/sh;
			shellScript = "${PROJECT_DIR}/tools/bump_build_number.sh \"${PROJECT_DIR}/${INFOPLIST_FILE}\"";
		};
/* End PBXShellScriptBuildPhase section */

/* Begin PBXSourcesBuildPhase section */
		3AC11CD31AF3A79100C94550 /* Sources */ = {
			isa = PBXSourcesBuildPhase;
			buildActionMask = 2147483647;
			files = (
				3A6516391B99AF8A007DF326 /* TypeText.swift in Sources */,
				3AC11CDF1AF3A79100C94550 /* TypeViewController.swift in Sources */,
				3A496C0E1B9DBB500055376F /* Utility.swift in Sources */,
				3AC11CFF1AF3B50F00C94550 /* TypeMonitor.swift in Sources */,
				3AC11CDD1AF3A79100C94550 /* AppDelegate.swift in Sources */,
				3A6AAA4A1BC01F12004B042F /* TypeView.swift in Sources */,
				3A39BE711B9DD25000C52504 /* TypeWindowController.swift in Sources */,
				3A3AB7191AF9432C008BB4BB /* TypeTextView.swift in Sources */,
				3A8B6A6A1AFA5799000B23AD /* ReferenceTextView.swift in Sources */,
				3A6516351B99AD57007DF326 /* TypeTime.xcdatamodeld in Sources */,
				3A65162E1B9896BF007DF326 /* LoadTextViewController.swift in Sources */,
			);
			runOnlyForDeploymentPostprocessing = 0;
		};
		3AC11CE81AF3A79100C94550 /* Sources */ = {
			isa = PBXSourcesBuildPhase;
			buildActionMask = 2147483647;
			files = (
				3AC11CF31AF3A79100C94550 /* TypeTimeTests.swift in Sources */,
			);
			runOnlyForDeploymentPostprocessing = 0;
		};
/* End PBXSourcesBuildPhase section */

/* Begin PBXTargetDependency section */
		3AC11CEE1AF3A79100C94550 /* PBXTargetDependency */ = {
			isa = PBXTargetDependency;
			target = 3AC11CD61AF3A79100C94550 /* TypeTime */;
			targetProxy = 3AC11CED1AF3A79100C94550 /* PBXContainerItemProxy */;
		};
/* End PBXTargetDependency section */

/* Begin PBXVariantGroup section */
		3AC11CE51AF3A79100C94550 /* Main.storyboard */ = {
			isa = PBXVariantGroup;
			children = (
				3AC11CE61AF3A79100C94550 /* Base */,
			);
			name = Main.storyboard;
			sourceTree = "<group>";
		};
/* End PBXVariantGroup section */

/* Begin XCBuildConfiguration section */
		3AC11CF41AF3A79100C94550 /* Debug */ = {
			isa = XCBuildConfiguration;
			buildSettings = {
				ALWAYS_SEARCH_USER_PATHS = NO;
				CLANG_CXX_LANGUAGE_STANDARD = "gnu++0x";
				CLANG_CXX_LIBRARY = "libc++";
				CLANG_ENABLE_MODULES = YES;
				CLANG_ENABLE_OBJC_ARC = YES;
				CLANG_WARN_BOOL_CONVERSION = YES;
				CLANG_WARN_CONSTANT_CONVERSION = YES;
				CLANG_WARN_DIRECT_OBJC_ISA_USAGE = YES_ERROR;
				CLANG_WARN_EMPTY_BODY = YES;
				CLANG_WARN_ENUM_CONVERSION = YES;
				CLANG_WARN_INT_CONVERSION = YES;
				CLANG_WARN_OBJC_ROOT_CLASS = YES_ERROR;
				CLANG_WARN_UNREACHABLE_CODE = YES;
				CLANG_WARN__DUPLICATE_METHOD_MATCH = YES;
				CODE_SIGN_IDENTITY = "";
				COPY_PHASE_STRIP = NO;
				DEBUG_INFORMATION_FORMAT = dwarf;
				ENABLE_STRICT_OBJC_MSGSEND = YES;
				ENABLE_TESTABILITY = YES;
				GCC_C_LANGUAGE_STANDARD = gnu99;
				GCC_DYNAMIC_NO_PIC = NO;
				GCC_NO_COMMON_BLOCKS = YES;
				GCC_OPTIMIZATION_LEVEL = 0;
				GCC_PREPROCESSOR_DEFINITIONS = (
					"DEBUG=1",
					"$(inherited)",
				);
				GCC_SYMBOLS_PRIVATE_EXTERN = NO;
				GCC_WARN_64_TO_32_BIT_CONVERSION = YES;
				GCC_WARN_ABOUT_RETURN_TYPE = YES_ERROR;
				GCC_WARN_UNDECLARED_SELECTOR = YES;
				GCC_WARN_UNINITIALIZED_AUTOS = YES_AGGRESSIVE;
				GCC_WARN_UNUSED_FUNCTION = YES;
				GCC_WARN_UNUSED_VARIABLE = YES;
				MACOSX_DEPLOYMENT_TARGET = 10.10;
				MTL_ENABLE_DEBUG_INFO = YES;
				ONLY_ACTIVE_ARCH = YES;
				SDKROOT = macosx;
				SWIFT_OPTIMIZATION_LEVEL = "-Onone";
				VERSIONING_SYSTEM = "apple-generic";
			};
			name = Debug;
		};
		3AC11CF51AF3A79100C94550 /* Release */ = {
			isa = XCBuildConfiguration;
			buildSettings = {
				ALWAYS_SEARCH_USER_PATHS = NO;
				CLANG_CXX_LANGUAGE_STANDARD = "gnu++0x";
				CLANG_CXX_LIBRARY = "libc++";
				CLANG_ENABLE_MODULES = YES;
				CLANG_ENABLE_OBJC_ARC = YES;
				CLANG_WARN_BOOL_CONVERSION = YES;
				CLANG_WARN_CONSTANT_CONVERSION = YES;
				CLANG_WARN_DIRECT_OBJC_ISA_USAGE = YES_ERROR;
				CLANG_WARN_EMPTY_BODY = YES;
				CLANG_WARN_ENUM_CONVERSION = YES;
				CLANG_WARN_INT_CONVERSION = YES;
				CLANG_WARN_OBJC_ROOT_CLASS = YES_ERROR;
				CLANG_WARN_UNREACHABLE_CODE = YES;
				CLANG_WARN__DUPLICATE_METHOD_MATCH = YES;
				CODE_SIGN_IDENTITY = "";
				COPY_PHASE_STRIP = NO;
				DEBUG_INFORMATION_FORMAT = "dwarf-with-dsym";
				ENABLE_NS_ASSERTIONS = NO;
				ENABLE_STRICT_OBJC_MSGSEND = YES;
				GCC_C_LANGUAGE_STANDARD = gnu99;
				GCC_NO_COMMON_BLOCKS = YES;
				GCC_WARN_64_TO_32_BIT_CONVERSION = YES;
				GCC_WARN_ABOUT_RETURN_TYPE = YES_ERROR;
				GCC_WARN_UNDECLARED_SELECTOR = YES;
				GCC_WARN_UNINITIALIZED_AUTOS = YES_AGGRESSIVE;
				GCC_WARN_UNUSED_FUNCTION = YES;
				GCC_WARN_UNUSED_VARIABLE = YES;
				MACOSX_DEPLOYMENT_TARGET = 10.10;
				MTL_ENABLE_DEBUG_INFO = NO;
				ONLY_ACTIVE_ARCH = NO;
				SDKROOT = macosx;
				VERSIONING_SYSTEM = "apple-generic";
			};
			name = Release;
		};
		3AC11CF71AF3A79100C94550 /* Debug */ = {
			isa = XCBuildConfiguration;
			buildSettings = {
				ASSETCATALOG_COMPILER_APPICON_NAME = AppIcon;
				CODE_SIGN_ENTITLEMENTS = TypeTime/TypeTime.entitlements;
				CODE_SIGN_IDENTITY = "-";
				COMBINE_HIDPI_IMAGES = YES;
				INFOPLIST_FILE = TypeTime/Info.plist;
				LD_RUNPATH_SEARCH_PATHS = "$(inherited) @executable_path/../Frameworks";
				MACOSX_DEPLOYMENT_TARGET = 10.10;
				PRODUCT_BUNDLE_IDENTIFIER = "me.rwduzhao.$(PRODUCT_NAME:rfc1034identifier)";
				PRODUCT_NAME = "$(TARGET_NAME)";
				SWIFT_OBJC_BRIDGING_HEADER = "";
				VERSIONING_SYSTEM = "apple-generic";
			};
			name = Debug;
		};
		3AC11CF81AF3A79100C94550 /* Release */ = {
			isa = XCBuildConfiguration;
			buildSettings = {
				ASSETCATALOG_COMPILER_APPICON_NAME = AppIcon;
				CODE_SIGN_ENTITLEMENTS = TypeTime/TypeTime.entitlements;
				CODE_SIGN_IDENTITY = "-";
				COMBINE_HIDPI_IMAGES = YES;
				INFOPLIST_FILE = TypeTime/Info.plist;
				LD_RUNPATH_SEARCH_PATHS = "$(inherited) @executable_path/../Frameworks";
				MACOSX_DEPLOYMENT_TARGET = 10.10;
				PRODUCT_BUNDLE_IDENTIFIER = "me.rwduzhao.$(PRODUCT_NAME:rfc1034identifier)";
				PRODUCT_NAME = "$(TARGET_NAME)";
				SWIFT_OBJC_BRIDGING_HEADER = "";
				VERSIONING_SYSTEM = "apple-generic";
			};
			name = Release;
		};
		3AC11CFA1AF3A79100C94550 /* Debug */ = {
			isa = XCBuildConfiguration;
			buildSettings = {
				BUNDLE_LOADER = "$(TEST_HOST)";
				COMBINE_HIDPI_IMAGES = YES;
				FRAMEWORK_SEARCH_PATHS = (
					"$(DEVELOPER_FRAMEWORKS_DIR)",
					"$(inherited)",
				);
				GCC_PREPROCESSOR_DEFINITIONS = (
					"DEBUG=1",
					"$(inherited)",
				);
				INFOPLIST_FILE = TypeTimeTests/Info.plist;
				LD_RUNPATH_SEARCH_PATHS = "$(inherited) @executable_path/../Frameworks @loader_path/../Frameworks";
				PRODUCT_BUNDLE_IDENTIFIER = "me.rwduzhao.$(PRODUCT_NAME:rfc1034identifier)";
				PRODUCT_NAME = "$(TARGET_NAME)";
				TEST_HOST = "$(BUILT_PRODUCTS_DIR)/TypeTime.app/Contents/MacOS/TypeTime";
			};
			name = Debug;
		};
		3AC11CFB1AF3A79100C94550 /* Release */ = {
			isa = XCBuildConfiguration;
			buildSettings = {
				BUNDLE_LOADER = "$(TEST_HOST)";
				COMBINE_HIDPI_IMAGES = YES;
				FRAMEWORK_SEARCH_PATHS = (
					"$(DEVELOPER_FRAMEWORKS_DIR)",
					"$(inherited)",
				);
				INFOPLIST_FILE = TypeTimeTests/Info.plist;
				LD_RUNPATH_SEARCH_PATHS = "$(inherited) @executable_path/../Frameworks @loader_path/../Frameworks";
				PRODUCT_BUNDLE_IDENTIFIER = "me.rwduzhao.$(PRODUCT_NAME:rfc1034identifier)";
				PRODUCT_NAME = "$(TARGET_NAME)";
				TEST_HOST = "$(BUILT_PRODUCTS_DIR)/TypeTime.app/Contents/MacOS/TypeTime";
			};
			name = Release;
		};
/* End XCBuildConfiguration section */

/* Begin XCConfigurationList section */
		3AC11CD21AF3A79100C94550 /* Build configuration list for PBXProject "TypeTime" */ = {
			isa = XCConfigurationList;
			buildConfigurations = (
				3AC11CF41AF3A79100C94550 /* Debug */,
				3AC11CF51AF3A79100C94550 /* Release */,
			);
			defaultConfigurationIsVisible = 0;
			defaultConfigurationName = Release;
		};
		3AC11CF61AF3A79100C94550 /* Build configuration list for PBXNativeTarget "TypeTime" */ = {
			isa = XCConfigurationList;
			buildConfigurations = (
				3AC11CF71AF3A79100C94550 /* Debug */,
				3AC11CF81AF3A79100C94550 /* Release */,
			);
			defaultConfigurationIsVisible = 0;
			defaultConfigurationName = Release;
		};
		3AC11CF91AF3A79100C94550 /* Build configuration list for PBXNativeTarget "TypeTimeTests" */ = {
			isa = XCConfigurationList;
			buildConfigurations = (
				3AC11CFA1AF3A79100C94550 /* Debug */,
				3AC11CFB1AF3A79100C94550 /* Release */,
			);
			defaultConfigurationIsVisible = 0;
			defaultConfigurationName = Release;
		};
/* End XCConfigurationList section */

/* Begin XCVersionGroup section */
		3A6516331B99AD57007DF326 /* TypeTime.xcdatamodeld */ = {
			isa = XCVersionGroup;
			children = (
				3A6516341B99AD57007DF326 /* TypeTime.xcdatamodel */,
			);
			currentVersion = 3A6516341B99AD57007DF326 /* TypeTime.xcdatamodel */;
			path = TypeTime.xcdatamodeld;
			sourceTree = "<group>";
			versionGroupType = wrapper.xcdatamodel;
		};
/* End XCVersionGroup section */
	};
	rootObject = 3AC11CCF1AF3A79100C94550 /* Project object */;
}
